// !$*UTF8*$!
{
	archiveVersion = 1;
	classes = {
	};
	objectVersion = 46;
	objects = {

/* Begin PBXBuildFile section */
		BA8E34B11C5D1D6900DC85F0 /* MonsterImg.swift in Sources */ = {isa = PBXBuildFile; fileRef = BA8E34B01C5D1D6900DC85F0 /* MonsterImg.swift */; };
		BA8E34B71C61683600DC85F0 /* cave-music.mp3 in Resources */ = {isa = PBXBuildFile; fileRef = BA8E34B21C61683600DC85F0 /* cave-music.mp3 */; };
		BA8E34B81C61683600DC85F0 /* bite.wav in Resources */ = {isa = PBXBuildFile; fileRef = BA8E34B31C61683600DC85F0 /* bite.wav */; };
		BA8E34B91C61683600DC85F0 /* death.wav in Resources */ = {isa = PBXBuildFile; fileRef = BA8E34B41C61683600DC85F0 /* death.wav */; };
		BA8E34BA1C61683600DC85F0 /* heart.wav in Resources */ = {isa = PBXBuildFile; fileRef = BA8E34B51C61683600DC85F0 /* heart.wav */; };
		BA8E34BB1C61683600DC85F0 /* skull.wav in Resources */ = {isa = PBXBuildFile; fileRef = BA8E34B61C61683600DC85F0 /* skull.wav */; };
		BA8E34BE1C62A16400DC85F0 /* StartingViewController.swift in Sources */ = {isa = PBXBuildFile; fileRef = BA8E34BD1C62A16400DC85F0 /* StartingViewController.swift */; };
		BACCFC4B1C5B286900507785 /* DragImage.swift in Sources */ = {isa = PBXBuildFile; fileRef = BACCFC4A1C5B286900507785 /* DragImage.swift */; };
		BADDDE6F1C5A7A3D00562C18 /* AppDelegate.swift in Sources */ = {isa = PBXBuildFile; fileRef = BADDDE6E1C5A7A3D00562C18 /* AppDelegate.swift */; };
		BADDDE711C5A7A3D00562C18 /* ViewController.swift in Sources */ = {isa = PBXBuildFile; fileRef = BADDDE701C5A7A3D00562C18 /* ViewController.swift */; };
		BADDDE741C5A7A3D00562C18 /* Main.storyboard in Resources */ = {isa = PBXBuildFile; fileRef = BADDDE721C5A7A3D00562C18 /* Main.storyboard */; };
		BADDDE761C5A7A3D00562C18 /* Assets.xcassets in Resources */ = {isa = PBXBuildFile; fileRef = BADDDE751C5A7A3D00562C18 /* Assets.xcassets */; };
		BADDDE791C5A7A3D00562C18 /* LaunchScreen.storyboard in Resources */ = {isa = PBXBuildFile; fileRef = BADDDE771C5A7A3D00562C18 /* LaunchScreen.storyboard */; };
/* End PBXBuildFile section */

/* Begin PBXFileReference section */
		BA8E34B01C5D1D6900DC85F0 /* MonsterImg.swift */ = {isa = PBXFileReference; fileEncoding = 4; lastKnownFileType = sourcecode.swift; path = MonsterImg.swift; sourceTree = "<group>"; };
		BA8E34B21C61683600DC85F0 /* cave-music.mp3 */ = {isa = PBXFileReference; lastKnownFileType = audio.mp3; path = "cave-music.mp3"; sourceTree = "<group>"; };
		BA8E34B31C61683600DC85F0 /* bite.wav */ = {isa = PBXFileReference; lastKnownFileType = audio.wav; path = bite.wav; sourceTree = "<group>"; };
		BA8E34B41C61683600DC85F0 /* death.wav */ = {isa = PBXFileReference; lastKnownFileType = audio.wav; path = death.wav; sourceTree = "<group>"; };
		BA8E34B51C61683600DC85F0 /* heart.wav */ = {isa = PBXFileReference; lastKnownFileType = audio.wav; path = heart.wav; sourceTree = "<group>"; };
		BA8E34B61C61683600DC85F0 /* skull.wav */ = {isa = PBXFileReference; lastKnownFileType = audio.wav; path = skull.wav; sourceTree = "<group>"; };
		BA8E34BD1C62A16400DC85F0 /* StartingViewController.swift */ = {isa = PBXFileReference; fileEncoding = 4; lastKnownFileType = sourcecode.swift; path = StartingViewController.swift; sourceTree = "<group>"; };
		BACCFC4A1C5B286900507785 /* DragImage.swift */ = {isa = PBXFileReference; fileEncoding = 4; lastKnownFileType = sourcecode.swift; path = DragImage.swift; sourceTree = "<group>"; };
		BADDDE6B1C5A7A3D00562C18 /* mylittlemonster.app */ = {isa = PBXFileReference; explicitFileType = wrapper.application; includeInIndex = 0; path = mylittlemonster.app; sourceTree = BUILT_PRODUCTS_DIR; };
		BADDDE6E1C5A7A3D00562C18 /* AppDelegate.swift */ = {isa = PBXFileReference; lastKnownFileType = sourcecode.swift; path = AppDelegate.swift; sourceTree = "<group>"; };
		BADDDE701C5A7A3D00562C18 /* ViewController.swift */ = {isa = PBXFileReference; lastKnownFileType = sourcecode.swift; path = ViewController.swift; sourceTree = "<group>"; };
		BADDDE731C5A7A3D00562C18 /* Base */ = {isa = PBXFileReference; lastKnownFileType = file.storyboard; name = Base; path = Base.lproj/Main.storyboard; sourceTree = "<group>"; };
		BADDDE751C5A7A3D00562C18 /* Assets.xcassets */ = {isa = PBXFileReference; lastKnownFileType = folder.assetcatalog; path = Assets.xcassets; sourceTree = "<group>"; };
		BADDDE781C5A7A3D00562C18 /* Base */ = {isa = PBXFileReference; lastKnownFileType = file.storyboard; name = Base; path = Base.lproj/LaunchScreen.storyboard; sourceTree = "<group>"; };
		BADDDE7A1C5A7A3D00562C18 /* Info.plist */ = {isa = PBXFileReference; lastKnownFileType = text.plist.xml; path = Info.plist; sourceTree = "<group>"; };
/* End PBXFileReference section */

/* Begin PBXFrameworksBuildPhase section */
		BADDDE681C5A7A3D00562C18 /* Frameworks */ = {
			isa = PBXFrameworksBuildPhase;
			buildActionMask = 2147483647;
			files = (
			);
			runOnlyForDeploymentPostprocessing = 0;
		};
/* End PBXFrameworksBuildPhase section */

/* Begin PBXGroup section */
		BA8E34BC1C61684400DC85F0 /* SoundFiles */ = {
			isa = PBXGroup;
			children = (
				BA8E34B21C61683600DC85F0 /* cave-music.mp3 */,
				BA8E34B31C61683600DC85F0 /* bite.wav */,
				BA8E34B41C61683600DC85F0 /* death.wav */,
				BA8E34B51C61683600DC85F0 /* heart.wav */,
				BA8E34B61C61683600DC85F0 /* skull.wav */,
			);
			name = SoundFiles;
			sourceTree = "<group>";
		};
		BADDDE621C5A7A3D00562C18 = {
			isa = PBXGroup;
			children = (
				BA8E34BC1C61684400DC85F0 /* SoundFiles */,
				BADDDE6D1C5A7A3D00562C18 /* mylittlemonster */,
				BADDDE6C1C5A7A3D00562C18 /* Products */,
			);
			sourceTree = "<group>";
		};
		BADDDE6C1C5A7A3D00562C18 /* Products */ = {
			isa = PBXGroup;
			children = (
				BADDDE6B1C5A7A3D00562C18 /* mylittlemonster.app */,
			);
			name = Products;
			sourceTree = "<group>";
		};
		BADDDE6D1C5A7A3D00562C18 /* mylittlemonster */ = {
			isa = PBXGroup;
			children = (
				BADDDE6E1C5A7A3D00562C18 /* AppDelegate.swift */,
				BA8E34BD1C62A16400DC85F0 /* StartingViewController.swift */,
				BADDDE701C5A7A3D00562C18 /* ViewController.swift */,
				BACCFC4A1C5B286900507785 /* DragImage.swift */,
				BA8E34B01C5D1D6900DC85F0 /* MonsterImg.swift */,
				BADDDE721C5A7A3D00562C18 /* Main.storyboard */,
				BADDDE751C5A7A3D00562C18 /* Assets.xcassets */,
				BADDDE771C5A7A3D00562C18 /* LaunchScreen.storyboard */,
				BADDDE7A1C5A7A3D00562C18 /* Info.plist */,
			);
			path = mylittlemonster;
			sourceTree = "<group>";
		};
/* End PBXGroup section */

/* Begin PBXNativeTarget section */
		BADDDE6A1C5A7A3D00562C18 /* mylittlemonster */ = {
			isa = PBXNativeTarget;
			buildConfigurationList = BADDDE7D1C5A7A3D00562C18 /* Build configuration list for PBXNativeTarget "mylittlemonster" */;
			buildPhases = (
				BADDDE671C5A7A3D00562C18 /* Sources */,
				BADDDE681C5A7A3D00562C18 /* Frameworks */,
				BADDDE691C5A7A3D00562C18 /* Resources */,
			);
			buildRules = (
			);
			dependencies = (
			);
			name = mylittlemonster;
			productName = mylittlemonster;
			productReference = BADDDE6B1C5A7A3D00562C18 /* mylittlemonster.app */;
			productType = "com.apple.product-type.application";
		};
/* End PBXNativeTarget section */

/* Begin PBXProject section */
		BADDDE631C5A7A3D00562C18 /* Project object */ = {
			isa = PBXProject;
			attributes = {
				LastSwiftUpdateCheck = 0720;
				LastUpgradeCheck = 0720;
				ORGANIZATIONNAME = "Francisco Claret";
				TargetAttributes = {
					BADDDE6A1C5A7A3D00562C18 = {
						CreatedOnToolsVersion = 7.2;
					};
				};
			};
			buildConfigurationList = BADDDE661C5A7A3D00562C18 /* Build configuration list for PBXProject "mylittlemonster" */;
			compatibilityVersion = "Xcode 3.2";
			developmentRegion = English;
			hasScannedForEncodings = 0;
			knownRegions = (
				en,
				Base,
			);
			mainGroup = BADDDE621C5A7A3D00562C18;
			productRefGroup = BADDDE6C1C5A7A3D00562C18 /* Products */;
			projectDirPath = "";
			projectRoot = "";
			targets = (
				BADDDE6A1C5A7A3D00562C18 /* mylittlemonster */,
			);
		};
/* End PBXProject section */

/* Begin PBXResourcesBuildPhase section */
		BADDDE691C5A7A3D00562C18 /* Resources */ = {
			isa = PBXResourcesBuildPhase;
			buildActionMask = 2147483647;
			files = (
				BA8E34BB1C61683600DC85F0 /* skull.wav in Resources */,
				BA8E34B81C61683600DC85F0 /* bite.wav in Resources */,
				BA8E34B91C61683600DC85F0 /* death.wav in Resources */,
				BA8E34BA1C61683600DC85F0 /* heart.wav in Resources */,
				BADDDE791C5A7A3D00562C18 /* LaunchScreen.storyboard in Resources */,
				BA8E34B71C61683600DC85F0 /* cave-music.mp3 in Resources */,
				BADDDE761C5A7A3D00562C18 /* Assets.xcassets in Resources */,
				BADDDE741C5A7A3D00562C18 /* Main.storyboard in Resources */,
			);
			runOnlyForDeploymentPostprocessing = 0;
		};
/* End PBXResourcesBuildPhase section */

/* Begin PBXSourcesBuildPhase section */
		BADDDE671C5A7A3D00562C18 /* Sources */ = {
			isa = PBXSourcesBuildPhase;
			buildActionMask = 2147483647;
			files = (
				BA8E34B11C5D1D6900DC85F0 /* MonsterImg.swift in Sources */,
				BADDDE711C5A7A3D00562C18 /* ViewController.swift in Sources */,
				BACCFC4B1C5B286900507785 /* DragImage.swift in Sources */,
				BADDDE6F1C5A7A3D00562C18 /* AppDelegate.swift in Sources */,
				BA8E34BE1C62A16400DC85F0 /* StartingViewController.swift in Sources */,
			);
			runOnlyForDeploymentPostprocessing = 0;
		};
/* End PBXSourcesBuildPhase section */

/* Begin PBXVariantGroup section */
		BADDDE721C5A7A3D00562C18 /* Main.storyboard */ = {
			isa = PBXVariantGroup;
			children = (
				BADDDE731C5A7A3D00562C18 /* Base */,
			);
			name = Main.storyboard;
			sourceTree = "<group>";
		};
		BADDDE771C5A7A3D00562C18 /* LaunchScreen.storyboard */ = {
			isa = PBXVariantGroup;
			children = (
				BADDDE781C5A7A3D00562C18 /* Base */,
			);
			name = LaunchScreen.storyboard;
			sourceTree = "<group>";
		};
/* End PBXVariantGroup section */

/* Begin XCBuildConfiguration section */
		BADDDE7B1C5A7A3D00562C18 /* Debug */ = {
			isa = XCBuildConfiguration;
			buildSettings = {
				ALWAYS_SEARCH_USER_PATHS = NO;
				CLANG_CXX_LANGUAGE_STANDARD = "gnu++0x";
				CLANG_CXX_LIBRARY = "libc++";
				CLANG_ENABLE_MODULES = YES;
				CLANG_ENABLE_OBJC_ARC = YES;
				CLANG_WARN_BOOL_CONVERSION = YES;
				CLANG_WARN_CONSTANT_CONVERSION = YES;
				CLANG_WARN_DIRECT_OBJC_ISA_USAGE = YES_ERROR;
				CLANG_WARN_EMPTY_BODY = YES;
				CLANG_WARN_ENUM_CONVERSION = YES;
				CLANG_WARN_INT_CONVERSION = YES;
				CLANG_WARN_OBJC_ROOT_CLASS = YES_ERROR;
				CLANG_WARN_UNREACHABLE_CODE = YES;
				CLANG_WARN__DUPLICATE_METHOD_MATCH = YES;
				"CODE_SIGN_IDENTITY[sdk=iphoneos*]" = "iPhone Developer";
				COPY_PHASE_STRIP = NO;
				DEBUG_INFORMATION_FORMAT = dwarf;
				ENABLE_STRICT_OBJC_MSGSEND = YES;
				ENABLE_TESTABILITY = YES;
				GCC_C_LANGUAGE_STANDARD = gnu99;
				GCC_DYNAMIC_NO_PIC = NO;
				GCC_NO_COMMON_BLOCKS = YES;
				GCC_OPTIMIZATION_LEVEL = 0;
				GCC_PREPROCESSOR_DEFINITIONS = (
					"DEBUG=1",
					"$(inherited)",
				);
				GCC_WARN_64_TO_32_BIT_CONVERSION = YES;
				GCC_WARN_ABOUT_RETURN_TYPE = YES_ERROR;
				GCC_WARN_UNDECLARED_SELECTOR = YES;
				GCC_WARN_UNINITIALIZED_AUTOS = YES_AGGRESSIVE;
				GCC_WARN_UNUSED_FUNCTION = YES;
				GCC_WARN_UNUSED_VARIABLE = YES;
				IPHONEOS_DEPLOYMENT_TARGET = 9.2;
				MTL_ENABLE_DEBUG_INFO = YES;
				ONLY_ACTIVE_ARCH = YES;
				SDKROOT = iphoneos;
				SWIFT_OPTIMIZATION_LEVEL = "-Onone";
				TARGETED_DEVICE_FAMILY = "1,2";
			};
			name = Debug;
		};
		BADDDE7C1C5A7A3D00562C18 /* Release */ = {
			isa = XCBuildConfiguration;
			buildSettings = {
				ALWAYS_SEARCH_USER_PATHS = NO;
				CLANG_CXX_LANGUAGE_STANDARD = "gnu++0x";
				CLANG_CXX_LIBRARY = "libc++";
				CLANG_ENABLE_MODULES = YES;
				CLANG_ENABLE_OBJC_ARC = YES;
				CLANG_WARN_BOOL_CONVERSION = YES;
				CLANG_WARN_CONSTANT_CONVERSION = YES;
				CLANG_WARN_DIRECT_OBJC_ISA_USAGE = YES_ERROR;
				CLANG_WARN_EMPTY_BODY = YES;
				CLANG_WARN_ENUM_CONVERSION = YES;
				CLANG_WARN_INT_CONVERSION = YES;
				CLANG_WARN_OBJC_ROOT_CLASS = YES_ERROR;
				CLANG_WARN_UNREACHABLE_CODE = YES;
				CLANG_WARN__DUPLICATE_METHOD_MATCH = YES;
				"CODE_SIGN_IDENTITY[sdk=iphoneos*]" = "iPhone Developer";
				COPY_PHASE_STRIP = NO;
				DEBUG_INFORMATION_FORMAT = "dwarf-with-dsym";
				ENABLE_NS_ASSERTIONS = NO;
				ENABLE_STRICT_OBJC_MSGSEND = YES;
				GCC_C_LANGUAGE_STANDARD = gnu99;
				GCC_NO_COMMON_BLOCKS = YES;
				GCC_WARN_64_TO_32_BIT_CONVERSION = YES;
				GCC_WARN_ABOUT_RETURN_TYPE = YES_ERROR;
				GCC_WARN_UNDECLARED_SELECTOR = YES;
				GCC_WARN_UNINITIALIZED_AUTOS = YES_AGGRESSIVE;
				GCC_WARN_UNUSED_FUNCTION = YES;
				GCC_WARN_UNUSED_VARIABLE = YES;
				IPHONEOS_DEPLOYMENT_TARGET = 9.2;
				MTL_ENABLE_DEBUG_INFO = NO;
				SDKROOT = iphoneos;
				TARGETED_DEVICE_FAMILY = "1,2";
				VALIDATE_PRODUCT = YES;
			};
			name = Release;
		};
		BADDDE7E1C5A7A3D00562C18 /* Debug */ = {
			isa = XCBuildConfiguration;
			buildSettings = {
				ASSETCATALOG_COMPILER_APPICON_NAME = AppIcon;
				INFOPLIST_FILE = mylittlemonster/Info.plist;
				LD_RUNPATH_SEARCH_PATHS = "$(inherited) @executable_path/Frameworks";
				PRODUCT_BUNDLE_IDENTIFIER = se.francisco.claret.mylittlemonster;
				PRODUCT_NAME = "$(TARGET_NAME)";
			};
			name = Debug;
		};
		BADDDE7F1C5A7A3D00562C18 /* Release */ = {
			isa = XCBuildConfiguration;
			buildSettings = {
				ASSETCATALOG_COMPILER_APPICON_NAME = AppIcon;
				INFOPLIST_FILE = mylittlemonster/Info.plist;
				LD_RUNPATH_SEARCH_PATHS = "$(inherited) @executable_path/Frameworks";
				PRODUCT_BUNDLE_IDENTIFIER = se.francisco.claret.mylittlemonster;
				PRODUCT_NAME = "$(TARGET_NAME)";
			};
			name = Release;
		};
/* End XCBuildConfiguration section */

/* Begin XCConfigurationList section */
		BADDDE661C5A7A3D00562C18 /* Build configuration list for PBXProject "mylittlemonster" */ = {
			isa = XCConfigurationList;
			buildConfigurations = (
				BADDDE7B1C5A7A3D00562C18 /* Debug */,
				BADDDE7C1C5A7A3D00562C18 /* Release */,
			);
			defaultConfigurationIsVisible = 0;
			defaultConfigurationName = Release;
		};
		BADDDE7D1C5A7A3D00562C18 /* Build configuration list for PBXNativeTarget "mylittlemonster" */ = {
			isa = XCConfigurationList;
			buildConfigurations = (
				BADDDE7E1C5A7A3D00562C18 /* Debug */,
				BADDDE7F1C5A7A3D00562C18 /* Release */,
			);
			defaultConfigurationIsVisible = 0;
			defaultConfigurationName = Release;
		};
/* End XCConfigurationList section */
	};
	rootObject = BADDDE631C5A7A3D00562C18 /* Project object */;
}
